
Microsoft Visual Studio Solution File, Format Version 12.00
# Visual Studio Version 17
VisualStudioVersion = 17.8.34309.116
MinimumVisualStudioVersion = 10.0.40219.1
Project("{E24C65DC-7377-472B-9ABA-BC803B73C61A}") = "marketplace02", "marketplace02\", "{414007EA-19CB-4718-9103-D7B22C63744F}"
	ProjectSection(WebsiteProperties) = preProject
		TargetFrameworkMoniker = ".NETFramework,Version%3Dv4.7.2"
		Debug.AspNetCompiler.VirtualPath = "/localhost_53210"
		Debug.AspNetCompiler.PhysicalPath = "marketplace02\"
		Debug.AspNetCompiler.TargetPath = "PrecompiledWeb\localhost_53210\"
		Debug.AspNetCompiler.Updateable = "true"
		Debug.AspNetCompiler.ForceOverwrite = "true"
		Debug.AspNetCompiler.FixedNames = "false"
		Debug.AspNetCompiler.Debug = "True"
		Release.AspNetCompiler.VirtualPath = "/localhost_53210"
		Release.AspNetCompiler.PhysicalPath = "marketplace02\"
		Release.AspNetCompiler.TargetPath = "PrecompiledWeb\localhost_53210\"
		Release.AspNetCompiler.Updateable = "true"
		Release.AspNetCompiler.ForceOverwrite = "true"
		Release.AspNetCompiler.FixedNames = "false"
		Release.AspNetCompiler.Debug = "False"
		VWDPort = "53210"
		SlnRelativePath = "marketplace02\"
		DefaultWebSiteLanguage = "Visual C#"
	EndProjectSection
EndProject
Global
	GlobalSection(SolutionConfigurationPlatforms) = preSolution
		Debug|Any CPU = Debug|Any CPU
	EndGlobalSection
	GlobalSection(ProjectConfigurationPlatforms) = postSolution
		{414007EA-19CB-4718-9103-D7B22C63744F}.Debug|Any CPU.ActiveCfg = Debug|Any CPU
		{414007EA-19CB-4718-9103-D7B22C63744F}.Debug|Any CPU.Build.0 = Debug|Any CPU
	EndGlobalSection
	GlobalSection(SolutionProperties) = preSolution
		HideSolutionNode = FALSE
	EndGlobalSection
	GlobalSection(ExtensibilityGlobals) = postSolution
		SolutionGuid = {3CB9A6D5-0417-4A58-A61E-25A570C70E55}
	EndGlobalSection
EndGlobal
